// !$*UTF8*$!
{
	archiveVersion = 1;
	classes = {
	};
	objectVersion = 46;
	objects = {

/* Begin PBXBuildFile section */
		52628C421B8C517B008D5B34 /* AppDelegate.m in Sources */ = {isa = PBXBuildFile; fileRef = 52628C411B8C517B008D5B34 /* AppDelegate.m */; };
		52628C441B8C517B008D5B34 /* main.m in Sources */ = {isa = PBXBuildFile; fileRef = 52628C431B8C517B008D5B34 /* main.m */; };
		52628C471B8C517B008D5B34 /* ViewController.m in Sources */ = {isa = PBXBuildFile; fileRef = 52628C461B8C517B008D5B34 /* ViewController.m */; };
		52628C491B8C517B008D5B34 /* Images.xcassets in Resources */ = {isa = PBXBuildFile; fileRef = 52628C481B8C517B008D5B34 /* Images.xcassets */; };
		52628C4C1B8C517B008D5B34 /* Main.storyboard in Resources */ = {isa = PBXBuildFile; fileRef = 52628C4A1B8C517B008D5B34 /* Main.storyboard */; };
		52628C581B8C517B008D5B34 /* CDCGeneratorTests.m in Sources */ = {isa = PBXBuildFile; fileRef = 52628C571B8C517B008D5B34 /* CDCGeneratorTests.m */; };
/* End PBXBuildFile section */

/* Begin PBXContainerItemProxy section */
		52628C521B8C517B008D5B34 /* PBXContainerItemProxy */ = {
			isa = PBXContainerItemProxy;
			containerPortal = 52628C331B8C517B008D5B34 /* Project object */;
			proxyType = 1;
			remoteGlobalIDString = 52628C3A1B8C517B008D5B34;
			remoteInfo = CDCGenerator;
		};
/* End PBXContainerItemProxy section */

/* Begin PBXFileReference section */
		52628C3B1B8C517B008D5B34 /* CDCGenerator.app */ = {isa = PBXFileReference; explicitFileType = wrapper.application; includeInIndex = 0; path = CDCGenerator.app; sourceTree = BUILT_PRODUCTS_DIR; };
		52628C3F1B8C517B008D5B34 /* Info.plist */ = {isa = PBXFileReference; lastKnownFileType = text.plist.xml; path = Info.plist; sourceTree = "<group>"; };
		52628C401B8C517B008D5B34 /* AppDelegate.h */ = {isa = PBXFileReference; lastKnownFileType = sourcecode.c.h; path = AppDelegate.h; sourceTree = "<group>"; };
		52628C411B8C517B008D5B34 /* AppDelegate.m */ = {isa = PBXFileReference; lastKnownFileType = sourcecode.c.objc; path = AppDelegate.m; sourceTree = "<group>"; };
		52628C431B8C517B008D5B34 /* main.m */ = {isa = PBXFileReference; lastKnownFileType = sourcecode.c.objc; path = main.m; sourceTree = "<group>"; };
		52628C451B8C517B008D5B34 /* ViewController.h */ = {isa = PBXFileReference; lastKnownFileType = sourcecode.c.h; path = ViewController.h; sourceTree = "<group>"; };
		52628C461B8C517B008D5B34 /* ViewController.m */ = {isa = PBXFileReference; lastKnownFileType = sourcecode.c.objc; path = ViewController.m; sourceTree = "<group>"; };
		52628C481B8C517B008D5B34 /* Images.xcassets */ = {isa = PBXFileReference; lastKnownFileType = folder.assetcatalog; path = Images.xcassets; sourceTree = "<group>"; };
		52628C4B1B8C517B008D5B34 /* Base */ = {isa = PBXFileReference; lastKnownFileType = file.storyboard; name = Base; path = Base.lproj/Main.storyboard; sourceTree = "<group>"; };
		52628C511B8C517B008D5B34 /* CDCGeneratorTests.xctest */ = {isa = PBXFileReference; explicitFileType = wrapper.cfbundle; includeInIndex = 0; path = CDCGeneratorTests.xctest; sourceTree = BUILT_PRODUCTS_DIR; };
		52628C561B8C517B008D5B34 /* Info.plist */ = {isa = PBXFileReference; lastKnownFileType = text.plist.xml; path = Info.plist; sourceTree = "<group>"; };
		52628C571B8C517B008D5B34 /* CDCGeneratorTests.m */ = {isa = PBXFileReference; lastKnownFileType = sourcecode.c.objc; path = CDCGeneratorTests.m; sourceTree = "<group>"; };
/* End PBXFileReference section */

/* Begin PBXFrameworksBuildPhase section */
		52628C381B8C517B008D5B34 /* Frameworks */ = {
			isa = PBXFrameworksBuildPhase;
			buildActionMask = 2147483647;
			files = (
			);
			runOnlyForDeploymentPostprocessing = 0;
		};
		52628C4E1B8C517B008D5B34 /* Frameworks */ = {
			isa = PBXFrameworksBuildPhase;
			buildActionMask = 2147483647;
			files = (
			);
			runOnlyForDeploymentPostprocessing = 0;
		};
/* End PBXFrameworksBuildPhase section */

/* Begin PBXGroup section */
		52628C321B8C517B008D5B34 = {
			isa = PBXGroup;
			children = (
				52628C3D1B8C517B008D5B34 /* CDCGenerator */,
				52628C541B8C517B008D5B34 /* CDCGeneratorTests */,
				52628C3C1B8C517B008D5B34 /* Products */,
			);
			sourceTree = "<group>";
		};
		52628C3C1B8C517B008D5B34 /* Products */ = {
			isa = PBXGroup;
			children = (
				52628C3B1B8C517B008D5B34 /* CDCGenerator.app */,
				52628C511B8C517B008D5B34 /* CDCGeneratorTests.xctest */,
			);
			name = Products;
			sourceTree = "<group>";
		};
		52628C3D1B8C517B008D5B34 /* CDCGenerator */ = {
			isa = PBXGroup;
			children = (
				52628C401B8C517B008D5B34 /* AppDelegate.h */,
				52628C411B8C517B008D5B34 /* AppDelegate.m */,
				52628C451B8C517B008D5B34 /* ViewController.h */,
				52628C461B8C517B008D5B34 /* ViewController.m */,
				52628C481B8C517B008D5B34 /* Images.xcassets */,
				52628C4A1B8C517B008D5B34 /* Main.storyboard */,
				52628C3E1B8C517B008D5B34 /* Supporting Files */,
			);
			path = CDCGenerator;
			sourceTree = "<group>";
		};
		52628C3E1B8C517B008D5B34 /* Supporting Files */ = {
			isa = PBXGroup;
			children = (
				52628C3F1B8C517B008D5B34 /* Info.plist */,
				52628C431B8C517B008D5B34 /* main.m */,
			);
			name = "Supporting Files";
			sourceTree = "<group>";
		};
		52628C541B8C517B008D5B34 /* CDCGeneratorTests */ = {
			isa = PBXGroup;
			children = (
				52628C571B8C517B008D5B34 /* CDCGeneratorTests.m */,
				52628C551B8C517B008D5B34 /* Supporting Files */,
			);
			path = CDCGeneratorTests;
			sourceTree = "<group>";
		};
		52628C551B8C517B008D5B34 /* Supporting Files */ = {
			isa = PBXGroup;
			children = (
				52628C561B8C517B008D5B34 /* Info.plist */,
			);
			name = "Supporting Files";
			sourceTree = "<group>";
		};
/* End PBXGroup section */

/* Begin PBXNativeTarget section */
		52628C3A1B8C517B008D5B34 /* CDCGenerator */ = {
			isa = PBXNativeTarget;
			buildConfigurationList = 52628C5B1B8C517B008D5B34 /* Build configuration list for PBXNativeTarget "CDCGenerator" */;
			buildPhases = (
				52628C371B8C517B008D5B34 /* Sources */,
				52628C381B8C517B008D5B34 /* Frameworks */,
				52628C391B8C517B008D5B34 /* Resources */,
			);
			buildRules = (
			);
			dependencies = (
			);
			name = CDCGenerator;
			productName = CDCGenerator;
			productReference = 52628C3B1B8C517B008D5B34 /* CDCGenerator.app */;
			productType = "com.apple.product-type.application";
		};
		52628C501B8C517B008D5B34 /* CDCGeneratorTests */ = {
			isa = PBXNativeTarget;
			buildConfigurationList = 52628C5E1B8C517B008D5B34 /* Build configuration list for PBXNativeTarget "CDCGeneratorTests" */;
			buildPhases = (
				52628C4D1B8C517B008D5B34 /* Sources */,
				52628C4E1B8C517B008D5B34 /* Frameworks */,
				52628C4F1B8C517B008D5B34 /* Resources */,
			);
			buildRules = (
			);
			dependencies = (
				52628C531B8C517B008D5B34 /* PBXTargetDependency */,
			);
			name = CDCGeneratorTests;
			productName = CDCGeneratorTests;
			productReference = 52628C511B8C517B008D5B34 /* CDCGeneratorTests.xctest */;
			productType = "com.apple.product-type.bundle.unit-test";
		};
/* End PBXNativeTarget section */

/* Begin PBXProject section */
		52628C331B8C517B008D5B34 /* Project object */ = {
			isa = PBXProject;
			attributes = {
				LastUpgradeCheck = 0640;
				ORGANIZATIONNAME = "Thibault Le Cornec";
				TargetAttributes = {
					52628C3A1B8C517B008D5B34 = {
						CreatedOnToolsVersion = 6.4;
						DevelopmentTeam = W43TK7BXYU;
					};
					52628C501B8C517B008D5B34 = {
						CreatedOnToolsVersion = 6.4;
						TestTargetID = 52628C3A1B8C517B008D5B34;
					};
				};
			};
			buildConfigurationList = 52628C361B8C517B008D5B34 /* Build configuration list for PBXProject "CDCGenerator" */;
			compatibilityVersion = "Xcode 3.2";
			developmentRegion = English;
			hasScannedForEncodings = 0;
			knownRegions = (
				en,
				Base,
			);
			mainGroup = 52628C321B8C517B008D5B34;
			productRefGroup = 52628C3C1B8C517B008D5B34 /* Products */;
			projectDirPath = "";
			projectRoot = "";
			targets = (
				52628C3A1B8C517B008D5B34 /* CDCGenerator */,
				52628C501B8C517B008D5B34 /* CDCGeneratorTests */,
			);
		};
/* End PBXProject section */

/* Begin PBXResourcesBuildPhase section */
		52628C391B8C517B008D5B34 /* Resources */ = {
			isa = PBXResourcesBuildPhase;
			buildActionMask = 2147483647;
			files = (
				52628C491B8C517B008D5B34 /* Images.xcassets in Resources */,
				52628C4C1B8C517B008D5B34 /* Main.storyboard in Resources */,
			);
			runOnlyForDeploymentPostprocessing = 0;
		};
		52628C4F1B8C517B008D5B34 /* Resources */ = {
			isa = PBXResourcesBuildPhase;
			buildActionMask = 2147483647;
			files = (
			);
			runOnlyForDeploymentPostprocessing = 0;
		};
/* End PBXResourcesBuildPhase section */

/* Begin PBXSourcesBuildPhase section */
		52628C371B8C517B008D5B34 /* Sources */ = {
			isa = PBXSourcesBuildPhase;
			buildActionMask = 2147483647;
			files = (
				52628C471B8C517B008D5B34 /* ViewController.m in Sources */,
				52628C441B8C517B008D5B34 /* main.m in Sources */,
				52628C421B8C517B008D5B34 /* AppDelegate.m in Sources */,
			);
			runOnlyForDeploymentPostprocessing = 0;
		};
		52628C4D1B8C517B008D5B34 /* Sources */ = {
			isa = PBXSourcesBuildPhase;
			buildActionMask = 2147483647;
			files = (
				52628C581B8C517B008D5B34 /* CDCGeneratorTests.m in Sources */,
			);
			runOnlyForDeploymentPostprocessing = 0;
		};
/* End PBXSourcesBuildPhase section */

/* Begin PBXTargetDependency section */
		52628C531B8C517B008D5B34 /* PBXTargetDependency */ = {
			isa = PBXTargetDependency;
			target = 52628C3A1B8C517B008D5B34 /* CDCGenerator */;
			targetProxy = 52628C521B8C517B008D5B34 /* PBXContainerItemProxy */;
		};
/* End PBXTargetDependency section */

/* Begin PBXVariantGroup section */
		52628C4A1B8C517B008D5B34 /* Main.storyboard */ = {
			isa = PBXVariantGroup;
			children = (
				52628C4B1B8C517B008D5B34 /* Base */,
			);
			name = Main.storyboard;
			sourceTree = "<group>";
		};
/* End PBXVariantGroup section */

/* Begin XCBuildConfiguration section */
		52628C591B8C517B008D5B34 /* Debug */ = {
			isa = XCBuildConfiguration;
			buildSettings = {
				ALWAYS_SEARCH_USER_PATHS = NO;
				CLANG_CXX_LANGUAGE_STANDARD = "gnu++0x";
				CLANG_CXX_LIBRARY = "libc++";
				CLANG_ENABLE_MODULES = YES;
				CLANG_ENABLE_OBJC_ARC = YES;
				CLANG_WARN_BOOL_CONVERSION = YES;
				CLANG_WARN_CONSTANT_CONVERSION = YES;
				CLANG_WARN_DIRECT_OBJC_ISA_USAGE = YES_ERROR;
				CLANG_WARN_EMPTY_BODY = YES;
				CLANG_WARN_ENUM_CONVERSION = YES;
				CLANG_WARN_INT_CONVERSION = YES;
				CLANG_WARN_OBJC_ROOT_CLASS = YES_ERROR;
				CLANG_WARN_UNREACHABLE_CODE = YES;
				CLANG_WARN__DUPLICATE_METHOD_MATCH = YES;
				CODE_SIGN_IDENTITY = "-";
				COPY_PHASE_STRIP = NO;
				DEBUG_INFORMATION_FORMAT = dwarf;
				ENABLE_STRICT_OBJC_MSGSEND = YES;
				GCC_C_LANGUAGE_STANDARD = gnu99;
				GCC_DYNAMIC_NO_PIC = NO;
				GCC_NO_COMMON_BLOCKS = YES;
				GCC_OPTIMIZATION_LEVEL = 0;
				GCC_PREPROCESSOR_DEFINITIONS = (
					"DEBUG=1",
					"$(inherited)",
				);
				GCC_SYMBOLS_PRIVATE_EXTERN = NO;
				GCC_WARN_64_TO_32_BIT_CONVERSION = YES;
				GCC_WARN_ABOUT_RETURN_TYPE = YES_ERROR;
				GCC_WARN_UNDECLARED_SELECTOR = YES;
				GCC_WARN_UNINITIALIZED_AUTOS = YES_AGGRESSIVE;
				GCC_WARN_UNUSED_FUNCTION = YES;
				GCC_WARN_UNUSED_VARIABLE = YES;
				MACOSX_DEPLOYMENT_TARGET = 10.10;
				MTL_ENABLE_DEBUG_INFO = YES;
				ONLY_ACTIVE_ARCH = YES;
				SDKROOT = macosx;
			};
			name = Debug;
		};
		52628C5A1B8C517B008D5B34 /* Release */ = {
			isa = XCBuildConfiguration;
			buildSettings = {
				ALWAYS_SEARCH_USER_PATHS = NO;
				CLANG_CXX_LANGUAGE_STANDARD = "gnu++0x";
				CLANG_CXX_LIBRARY = "libc++";
				CLANG_ENABLE_MODULES = YES;
				CLANG_ENABLE_OBJC_ARC = YES;
				CLANG_WARN_BOOL_CONVERSION = YES;
				CLANG_WARN_CONSTANT_CONVERSION = YES;
				CLANG_WARN_DIRECT_OBJC_ISA_USAGE = YES_ERROR;
				CLANG_WARN_EMPTY_BODY = YES;
				CLANG_WARN_ENUM_CONVERSION = YES;
				CLANG_WARN_INT_CONVERSION = YES;
				CLANG_WARN_OBJC_ROOT_CLASS = YES_ERROR;
				CLANG_WARN_UNREACHABLE_CODE = YES;
				CLANG_WARN__DUPLICATE_METHOD_MATCH = YES;
				CODE_SIGN_IDENTITY = "-";
				COPY_PHASE_STRIP = NO;
				DEBUG_INFORMATION_FORMAT = "dwarf-with-dsym";
				ENABLE_NS_ASSERTIONS = NO;
				ENABLE_STRICT_OBJC_MSGSEND = YES;
				GCC_C_LANGUAGE_STANDARD = gnu99;
				GCC_NO_COMMON_BLOCKS = YES;
				GCC_WARN_64_TO_32_BIT_CONVERSION = YES;
				GCC_WARN_ABOUT_RETURN_TYPE = YES_ERROR;
				GCC_WARN_UNDECLARED_SELECTOR = YES;
				GCC_WARN_UNINITIALIZED_AUTOS = YES_AGGRESSIVE;
				GCC_WARN_UNUSED_FUNCTION = YES;
				GCC_WARN_UNUSED_VARIABLE = YES;
				MACOSX_DEPLOYMENT_TARGET = 10.10;
				MTL_ENABLE_DEBUG_INFO = NO;
				SDKROOT = macosx;
			};
			name = Release;
		};
		52628C5C1B8C517B008D5B34 /* Debug */ = {
			isa = XCBuildConfiguration;
			buildSettings = {
				ASSETCATALOG_COMPILER_APPICON_NAME = AppIcon;
				CODE_SIGN_IDENTITY = "Developer ID Application";
				COMBINE_HIDPI_IMAGES = YES;
				INFOPLIST_FILE = CDCGenerator/Info.plist;
				LD_RUNPATH_SEARCH_PATHS = "$(inherited) @executable_path/../Frameworks";
				PRODUCT_NAME = "$(TARGET_NAME)";
			};
			name = Debug;
		};
		52628C5D1B8C517B008D5B34 /* Release */ = {
			isa = XCBuildConfiguration;
			buildSettings = {
				ASSETCATALOG_COMPILER_APPICON_NAME = AppIcon;
				CODE_SIGN_IDENTITY = "Developer ID Application";
				COMBINE_HIDPI_IMAGES = YES;
				INFOPLIST_FILE = CDCGenerator/Info.plist;
				LD_RUNPATH_SEARCH_PATHS = "$(inherited) @executable_path/../Frameworks";
				PRODUCT_NAME = "$(TARGET_NAME)";
			};
			name = Release;
		};
		52628C5F1B8C517B008D5B34 /* Debug */ = {
			isa = XCBuildConfiguration;
			buildSettings = {
				BUNDLE_LOADER = "$(TEST_HOST)";
				COMBINE_HIDPI_IMAGES = YES;
				FRAMEWORK_SEARCH_PATHS = (
					"$(DEVELOPER_FRAMEWORKS_DIR)",
					"$(inherited)",
				);
				GCC_PREPROCESSOR_DEFINITIONS = (
					"DEBUG=1",
					"$(inherited)",
				);
				INFOPLIST_FILE = CDCGeneratorTests/Info.plist;
				LD_RUNPATH_SEARCH_PATHS = "$(inherited) @executable_path/../Frameworks @loader_path/../Frameworks";
				PRODUCT_NAME = "$(TARGET_NAME)";
				TEST_HOST = "$(BUILT_PRODUCTS_DIR)/CDCGenerator.app/Contents/MacOS/CDCGenerator";
			};
			name = Debug;
		};
		52628C601B8C517B008D5B34 /* Release */ = {
			isa = XCBuildConfiguration;
			buildSettings = {
				BUNDLE_LOADER = "$(TEST_HOST)";
				COMBINE_HIDPI_IMAGES = YES;
				FRAMEWORK_SEARCH_PATHS = (
					"$(DEVELOPER_FRAMEWORKS_DIR)",
					"$(inherited)",
				);
				INFOPLIST_FILE = CDCGeneratorTests/Info.plist;
				LD_RUNPATH_SEARCH_PATHS = "$(inherited) @executable_path/../Frameworks @loader_path/../Frameworks";
				PRODUCT_NAME = "$(TARGET_NAME)";
				TEST_HOST = "$(BUILT_PRODUCTS_DIR)/CDCGenerator.app/Contents/MacOS/CDCGenerator";
			};
			name = Release;
		};
/* End XCBuildConfiguration section */

/* Begin XCConfigurationList section */
		52628C361B8C517B008D5B34 /* Build configuration list for PBXProject "CDCGenerator" */ = {
			isa = XCConfigurationList;
			buildConfigurations = (
				52628C591B8C517B008D5B34 /* Debug */,
				52628C5A1B8C517B008D5B34 /* Release */,
			);
			defaultConfigurationIsVisible = 0;
			defaultConfigurationName = Release;
		};
		52628C5B1B8C517B008D5B34 /* Build configuration list for PBXNativeTarget "CDCGenerator" */ = {
			isa = XCConfigurationList;
			buildConfigurations = (
				52628C5C1B8C517B008D5B34 /* Debug */,
				52628C5D1B8C517B008D5B34 /* Release */,
			);
			defaultConfigurationIsVisible = 0;
		};
		52628C5E1B8C517B008D5B34 /* Build configuration list for PBXNativeTarget "CDCGeneratorTests" */ = {
			isa = XCConfigurationList;
			buildConfigurations = (
				52628C5F1B8C517B008D5B34 /* Debug */,
				52628C601B8C517B008D5B34 /* Release */,
			);
			defaultConfigurationIsVisible = 0;
		};
/* End XCConfigurationList section */
	};
	rootObject = 52628C331B8C517B008D5B34 /* Project object */;
}
